
Microsoft Visual Studio Solution File, Format Version 12.00
# Visual Studio Version 17
VisualStudioVersion = 17.3.32922.545
MinimumVisualStudioVersion = 10.0.40219.1
Project("{FAE04EC0-301F-11D3-BF4B-00C04F79EFBC}") = "CSVHelperDemo", "CSVHelperDemo\CSVHelperDemo.csproj", "{C5121003-CDEE-462D-B77F-B06B789A18B7}"
EndProject
Global
	GlobalSection(SolutionConfigurationPlatforms) = preSolution
		Debug|Any CPU = Debug|Any CPU
		Release|Any CPU = Release|Any CPU
	EndGlobalSection
	GlobalSection(ProjectConfigurationPlatforms) = postSolution
		{C5121003-CDEE-462D-B77F-B06B789A18B7}.Debug|Any CPU.ActiveCfg = Debug|Any CPU
		{C5121003-CDEE-462D-B77F-B06B789A18B7}.Debug|Any CPU.Build.0 = Debug|Any CPU
		{C5121003-CDEE-462D-B77F-B06B789A18B7}.Release|Any CPU.ActiveCfg = Release|Any CPU
		{C5121003-CDEE-462D-B77F-B06B789A18B7}.Release|Any CPU.Build.0 = Release|Any CPU
	EndGlobalSection
	GlobalSection(SolutionProperties) = preSolution
		HideSolutionNode = FALSE
	EndGlobalSection
	GlobalSection(ExtensibilityGlobals) = postSolution
		SolutionGuid = {BAD85688-40FE-4A2C-B018-38B5F571BEC3}
	EndGlobalSection
EndGlobal
